
Microsoft Visual Studio Solution File, Format Version 12.00
# Visual Studio Version 17
VisualStudioVersion = 17.13.35919.96 d17.13
MinimumVisualStudioVersion = 10.0.40219.1
Project("{FAE04EC0-301F-11D3-BF4B-00C04F79EFBC}") = "EVE Isk per Hour", "EVE Isk per Hour.csproj", "{E3D9EDB2-4883-0763-0257-843BD570A9F7}"
EndProject
Project("{F184B08F-C81C-45F6-A57F-5ABD9991F28F}") = "EVEIPH SQLite DLL Updater", "EVEIPH SQLite DLL Updater\EVEIPH SQLite DLL Updater.vbproj", "{E2B6A9F5-8213-4295-93B9-FC869A5DA320}"
EndProject
Project("{F184B08F-C81C-45F6-A57F-5ABD9991F28F}") = "EVEIPH Updater", "EVE-IPH-Update-Program\EVEIPH Updater.vbproj", "{B8C20620-05D1-4EC4-93AC-6080878CB931}"
EndProject
Project("{2150E333-8FDC-42A3-9474-1A3956D46DE8}") = "Solution Items", "Solution Items", "{7D070570-45C8-4E0D-8D29-DBDD08C701B5}"
	ProjectSection(SolutionItems) = preProject
		.editorconfig = .editorconfig
	EndProjectSection
EndProject
Project("{FAE04EC0-301F-11D3-BF4B-00C04F79EFBC}") = "EVE Isk per HourCore", "..\EVE Isk per HourCore\EVE Isk per HourCore.csproj", "{2A5AD533-B347-E6DD-84E6-27D5B41FECB7}"
EndProject
Global
	GlobalSection(SolutionConfigurationPlatforms) = preSolution
		Debug|Any CPU = Debug|Any CPU
		Debug|Itanium = Debug|Itanium
		Debug|x86 = Debug|x86
		Release|Any CPU = Release|Any CPU
		Release|Itanium = Release|Itanium
		Release|x86 = Release|x86
	EndGlobalSection
	GlobalSection(ProjectConfigurationPlatforms) = postSolution
		{E3D9EDB2-4883-0763-0257-843BD570A9F7}.Debug|Any CPU.ActiveCfg = Debug|x86
		{E3D9EDB2-4883-0763-0257-843BD570A9F7}.Debug|Any CPU.Build.0 = Debug|x86
		{E3D9EDB2-4883-0763-0257-843BD570A9F7}.Debug|Itanium.ActiveCfg = Debug|x86
		{E3D9EDB2-4883-0763-0257-843BD570A9F7}.Debug|Itanium.Build.0 = Debug|x86
		{E3D9EDB2-4883-0763-0257-843BD570A9F7}.Debug|x86.ActiveCfg = Debug|x86
		{E3D9EDB2-4883-0763-0257-843BD570A9F7}.Debug|x86.Build.0 = Debug|x86
		{E3D9EDB2-4883-0763-0257-843BD570A9F7}.Release|Any CPU.ActiveCfg = Release|x86
		{E3D9EDB2-4883-0763-0257-843BD570A9F7}.Release|Any CPU.Build.0 = Release|x86
		{E3D9EDB2-4883-0763-0257-843BD570A9F7}.Release|Itanium.ActiveCfg = Release|Itanium
		{E3D9EDB2-4883-0763-0257-843BD570A9F7}.Release|Itanium.Build.0 = Release|Itanium
		{E3D9EDB2-4883-0763-0257-843BD570A9F7}.Release|x86.ActiveCfg = Release|x86
		{E3D9EDB2-4883-0763-0257-843BD570A9F7}.Release|x86.Build.0 = Release|x86
		{E2B6A9F5-8213-4295-93B9-FC869A5DA320}.Debug|Any CPU.ActiveCfg = Debug|Any CPU
		{E2B6A9F5-8213-4295-93B9-FC869A5DA320}.Debug|Any CPU.Build.0 = Debug|Any CPU
		{E2B6A9F5-8213-4295-93B9-FC869A5DA320}.Debug|Itanium.ActiveCfg = Debug|Any CPU
		{E2B6A9F5-8213-4295-93B9-FC869A5DA320}.Debug|Itanium.Build.0 = Debug|Any CPU
		{E2B6A9F5-8213-4295-93B9-FC869A5DA320}.Debug|x86.ActiveCfg = Debug|Any CPU
		{E2B6A9F5-8213-4295-93B9-FC869A5DA320}.Debug|x86.Build.0 = Debug|Any CPU
		{E2B6A9F5-8213-4295-93B9-FC869A5DA320}.Release|Any CPU.ActiveCfg = Release|Any CPU
		{E2B6A9F5-8213-4295-93B9-FC869A5DA320}.Release|Any CPU.Build.0 = Release|Any CPU
		{E2B6A9F5-8213-4295-93B9-FC869A5DA320}.Release|Itanium.ActiveCfg = Release|Any CPU
		{E2B6A9F5-8213-4295-93B9-FC869A5DA320}.Release|Itanium.Build.0 = Release|Any CPU
		{E2B6A9F5-8213-4295-93B9-FC869A5DA320}.Release|x86.ActiveCfg = Release|Any CPU
		{E2B6A9F5-8213-4295-93B9-FC869A5DA320}.Release|x86.Build.0 = Release|Any CPU
		{B8C20620-05D1-4EC4-93AC-6080878CB931}.Debug|Any CPU.ActiveCfg = Debug|x86
		{B8C20620-05D1-4EC4-93AC-6080878CB931}.Debug|Any CPU.Build.0 = Debug|x86
		{B8C20620-05D1-4EC4-93AC-6080878CB931}.Debug|Itanium.ActiveCfg = Debug|x86
		{B8C20620-05D1-4EC4-93AC-6080878CB931}.Debug|Itanium.Build.0 = Debug|x86
		{B8C20620-05D1-4EC4-93AC-6080878CB931}.Debug|x86.ActiveCfg = Debug|x86
		{B8C20620-05D1-4EC4-93AC-6080878CB931}.Debug|x86.Build.0 = Debug|x86
		{B8C20620-05D1-4EC4-93AC-6080878CB931}.Release|Any CPU.ActiveCfg = Release|x86
		{B8C20620-05D1-4EC4-93AC-6080878CB931}.Release|Any CPU.Build.0 = Release|x86
		{B8C20620-05D1-4EC4-93AC-6080878CB931}.Release|Itanium.ActiveCfg = Release|x86
		{B8C20620-05D1-4EC4-93AC-6080878CB931}.Release|Itanium.Build.0 = Release|x86
		{B8C20620-05D1-4EC4-93AC-6080878CB931}.Release|x86.ActiveCfg = Release|x86
		{B8C20620-05D1-4EC4-93AC-6080878CB931}.Release|x86.Build.0 = Release|x86
		{2A5AD533-B347-E6DD-84E6-27D5B41FECB7}.Debug|Any CPU.ActiveCfg = Debug|Any CPU
		{2A5AD533-B347-E6DD-84E6-27D5B41FECB7}.Debug|Any CPU.Build.0 = Debug|Any CPU
		{2A5AD533-B347-E6DD-84E6-27D5B41FECB7}.Debug|Itanium.ActiveCfg = Debug|Any CPU
		{2A5AD533-B347-E6DD-84E6-27D5B41FECB7}.Debug|Itanium.Build.0 = Debug|Any CPU
		{2A5AD533-B347-E6DD-84E6-27D5B41FECB7}.Debug|x86.ActiveCfg = Debug|Any CPU
		{2A5AD533-B347-E6DD-84E6-27D5B41FECB7}.Debug|x86.Build.0 = Debug|Any CPU
		{2A5AD533-B347-E6DD-84E6-27D5B41FECB7}.Release|Any CPU.ActiveCfg = Release|Any CPU
		{2A5AD533-B347-E6DD-84E6-27D5B41FECB7}.Release|Any CPU.Build.0 = Release|Any CPU
		{2A5AD533-B347-E6DD-84E6-27D5B41FECB7}.Release|Itanium.ActiveCfg = Release|Any CPU
		{2A5AD533-B347-E6DD-84E6-27D5B41FECB7}.Release|Itanium.Build.0 = Release|Any CPU
		{2A5AD533-B347-E6DD-84E6-27D5B41FECB7}.Release|x86.ActiveCfg = Release|Any CPU
		{2A5AD533-B347-E6DD-84E6-27D5B41FECB7}.Release|x86.Build.0 = Release|Any CPU
	EndGlobalSection
	GlobalSection(SolutionProperties) = preSolution
		HideSolutionNode = FALSE
	EndGlobalSection
	GlobalSection(ExtensibilityGlobals) = postSolution
		SolutionGuid = {4EF52669-5A19-478C-A668-310E7DE89EBB}
	EndGlobalSection
EndGlobal
